// !$*UTF8*$!
{
	archiveVersion = 1;
	classes = {
	};
	objectVersion = 46;
	objects = {

/* Begin PBXBuildFile section */
		632FB9771DC682F6003EA4A2 /* AppDelegate.swift in Sources */ = {isa = PBXBuildFile; fileRef = 632FB9761DC682F6003EA4A2 /* AppDelegate.swift */; };
		632FB9791DC682F6003EA4A2 /* Home.swift in Sources */ = {isa = PBXBuildFile; fileRef = 632FB9781DC682F6003EA4A2 /* Home.swift */; };
		632FB97C1DC682F6003EA4A2 /* Main.storyboard in Resources */ = {isa = PBXBuildFile; fileRef = 632FB97A1DC682F6003EA4A2 /* Main.storyboard */; };
		632FB97E1DC682F6003EA4A2 /* Assets.xcassets in Resources */ = {isa = PBXBuildFile; fileRef = 632FB97D1DC682F6003EA4A2 /* Assets.xcassets */; };
		632FB9811DC682F6003EA4A2 /* LaunchScreen.storyboard in Resources */ = {isa = PBXBuildFile; fileRef = 632FB97F1DC682F6003EA4A2 /* LaunchScreen.storyboard */; };
		632FB98C1DC682F6003EA4A2 /* SofaTests.swift in Sources */ = {isa = PBXBuildFile; fileRef = 632FB98B1DC682F6003EA4A2 /* SofaTests.swift */; };
		632FB9971DC682F6003EA4A2 /* SofaUITests.swift in Sources */ = {isa = PBXBuildFile; fileRef = 632FB9961DC682F6003EA4A2 /* SofaUITests.swift */; };
		632FB9BF1DC684AC003EA4A2 /* coeurgris50.png in Resources */ = {isa = PBXBuildFile; fileRef = 632FB9A51DC684AC003EA4A2 /* coeurgris50.png */; };
		632FB9C01DC684AC003EA4A2 /* coeurnoir2.png in Resources */ = {isa = PBXBuildFile; fileRef = 632FB9A61DC684AC003EA4A2 /* coeurnoir2.png */; };
		632FB9C11DC684AC003EA4A2 /* CreateASofa0.png in Resources */ = {isa = PBXBuildFile; fileRef = 632FB9A71DC684AC003EA4A2 /* CreateASofa0.png */; };
		632FB9C21DC684AC003EA4A2 /* crossP.png in Resources */ = {isa = PBXBuildFile; fileRef = 632FB9A81DC684AC003EA4A2 /* crossP.png */; };
		632FB9C31DC684AC003EA4A2 /* home0.png in Resources */ = {isa = PBXBuildFile; fileRef = 632FB9A91DC684AC003EA4A2 /* home0.png */; };
		632FB9C41DC684AC003EA4A2 /* identification.png in Resources */ = {isa = PBXBuildFile; fileRef = 632FB9AA1DC684AC003EA4A2 /* identification.png */; };
		632FB9C51DC684AC003EA4A2 /* JoinASofa0.png in Resources */ = {isa = PBXBuildFile; fileRef = 632FB9AB1DC684AC003EA4A2 /* JoinASofa0.png */; };
		632FB9C61DC684AC003EA4A2 /* KS_nav_ui.png in Resources */ = {isa = PBXBuildFile; fileRef = 632FB9AC1DC684AC003EA4A2 /* KS_nav_ui.png */; };
		632FB9C71DC684AC003EA4A2 /* KS_nav_views.png in Resources */ = {isa = PBXBuildFile; fileRef = 632FB9AD1DC684AC003EA4A2 /* KS_nav_views.png */; };
		632FB9C81DC684AC003EA4A2 /* like.png in Resources */ = {isa = PBXBuildFile; fileRef = 632FB9AE1DC684AC003EA4A2 /* like.png */; };
		632FB9C91DC684AC003EA4A2 /* ok.png in Resources */ = {isa = PBXBuildFile; fileRef = 632FB9B01DC684AC003EA4A2 /* ok.png */; };
		632FB9CA1DC684AC003EA4A2 /* ready.png in Resources */ = {isa = PBXBuildFile; fileRef = 632FB9B11DC684AC003EA4A2 /* ready.png */; };
		632FB9CB1DC684AC003EA4A2 /* SofaLogo.png in Resources */ = {isa = PBXBuildFile; fileRef = 632FB9B21DC684AC003EA4A2 /* SofaLogo.png */; };
		632FB9CC1DC684AC003EA4A2 /* WatchListLogo.png in Resources */ = {isa = PBXBuildFile; fileRef = 632FB9B31DC684AC003EA4A2 /* WatchListLogo.png */; };
		632FB9CD1DC684AC003EA4A2 /* netflix.png in Resources */ = {isa = PBXBuildFile; fileRef = 632FB9B51DC684AC003EA4A2 /* netflix.png */; };
		632FB9CE1DC684AC003EA4A2 /* coeur.png in Resources */ = {isa = PBXBuildFile; fileRef = 632FB9B71DC684AC003EA4A2 /* coeur.png */; };
		632FB9CF1DC684AC003EA4A2 /* triangle.png in Resources */ = {isa = PBXBuildFile; fileRef = 632FB9B81DC684AC003EA4A2 /* triangle.png */; };
		632FB9D01DC684AC003EA4A2 /* refresh.png in Resources */ = {isa = PBXBuildFile; fileRef = 632FB9B91DC684AC003EA4A2 /* refresh.png */; };
		632FB9D11DC684AC003EA4A2 /* friend.png in Resources */ = {isa = PBXBuildFile; fileRef = 632FB9BB1DC684AC003EA4A2 /* friend.png */; };
		632FB9D21DC684AC003EA4A2 /* friend0.png in Resources */ = {isa = PBXBuildFile; fileRef = 632FB9BC1DC684AC003EA4A2 /* friend0.png */; };
		632FB9D31DC684AC003EA4A2 /* key.png in Resources */ = {isa = PBXBuildFile; fileRef = 632FB9BD1DC684AC003EA4A2 /* key.png */; };
		632FB9D41DC684AC003EA4A2 /* unlike.png in Resources */ = {isa = PBXBuildFile; fileRef = 632FB9BE1DC684AC003EA4A2 /* unlike.png */; };
		6D71B4F3513222839B22ECA8 /* Pods_SofaUITests.framework in Frameworks */ = {isa = PBXBuildFile; fileRef = F6C97098145AF00C1BB6B062 /* Pods_SofaUITests.framework */; };
		95AAB0DB7867BB621F865EF3 /* Pods_Sofa.framework in Frameworks */ = {isa = PBXBuildFile; fileRef = 5C18F9EBB587C21C3A6584B0 /* Pods_Sofa.framework */; };
		EE2A44670E6C919324D9F249 /* Pods_SofaTests.framework in Frameworks */ = {isa = PBXBuildFile; fileRef = 923F7FA8B943FF2E21E36C87 /* Pods_SofaTests.framework */; };
/* End PBXBuildFile section */

/* Begin PBXContainerItemProxy section */
		632FB9881DC682F6003EA4A2 /* PBXContainerItemProxy */ = {
			isa = PBXContainerItemProxy;
			containerPortal = 632FB96B1DC682F6003EA4A2 /* Project object */;
			proxyType = 1;
			remoteGlobalIDString = 632FB9721DC682F6003EA4A2;
			remoteInfo = Sofa;
		};
		632FB9931DC682F6003EA4A2 /* PBXContainerItemProxy */ = {
			isa = PBXContainerItemProxy;
			containerPortal = 632FB96B1DC682F6003EA4A2 /* Project object */;
			proxyType = 1;
			remoteGlobalIDString = 632FB9721DC682F6003EA4A2;
			remoteInfo = Sofa;
		};
/* End PBXContainerItemProxy section */

/* Begin PBXFileReference section */
		392EE737FEB4CE43A9D2AE68 /* Pods-SofaUITests.release.xcconfig */ = {isa = PBXFileReference; includeInIndex = 1; lastKnownFileType = text.xcconfig; name = "Pods-SofaUITests.release.xcconfig"; path = "Pods/Target Support Files/Pods-SofaUITests/Pods-SofaUITests.release.xcconfig"; sourceTree = "<group>"; };
		39ACF5B2C4BAF12CB40317D7 /* Pods-Sofa.release.xcconfig */ = {isa = PBXFileReference; includeInIndex = 1; lastKnownFileType = text.xcconfig; name = "Pods-Sofa.release.xcconfig"; path = "Pods/Target Support Files/Pods-Sofa/Pods-Sofa.release.xcconfig"; sourceTree = "<group>"; };
		5C18F9EBB587C21C3A6584B0 /* Pods_Sofa.framework */ = {isa = PBXFileReference; explicitFileType = wrapper.framework; includeInIndex = 0; path = Pods_Sofa.framework; sourceTree = BUILT_PRODUCTS_DIR; };
		632FB9731DC682F6003EA4A2 /* Sofa.app */ = {isa = PBXFileReference; explicitFileType = wrapper.application; includeInIndex = 0; path = Sofa.app; sourceTree = BUILT_PRODUCTS_DIR; };
		632FB9761DC682F6003EA4A2 /* AppDelegate.swift */ = {isa = PBXFileReference; lastKnownFileType = sourcecode.swift; path = AppDelegate.swift; sourceTree = "<group>"; };
		632FB9781DC682F6003EA4A2 /* Home.swift */ = {isa = PBXFileReference; lastKnownFileType = sourcecode.swift; path = Home.swift; sourceTree = "<group>"; };
		632FB97B1DC682F6003EA4A2 /* Base */ = {isa = PBXFileReference; lastKnownFileType = file.storyboard; name = Base; path = Base.lproj/Main.storyboard; sourceTree = "<group>"; };
		632FB97D1DC682F6003EA4A2 /* Assets.xcassets */ = {isa = PBXFileReference; lastKnownFileType = folder.assetcatalog; path = Assets.xcassets; sourceTree = "<group>"; };
		632FB9801DC682F6003EA4A2 /* Base */ = {isa = PBXFileReference; lastKnownFileType = file.storyboard; name = Base; path = Base.lproj/LaunchScreen.storyboard; sourceTree = "<group>"; };
		632FB9821DC682F6003EA4A2 /* Info.plist */ = {isa = PBXFileReference; lastKnownFileType = text.plist.xml; path = Info.plist; sourceTree = "<group>"; };
		632FB9871DC682F6003EA4A2 /* SofaTests.xctest */ = {isa = PBXFileReference; explicitFileType = wrapper.cfbundle; includeInIndex = 0; path = SofaTests.xctest; sourceTree = BUILT_PRODUCTS_DIR; };
		632FB98B1DC682F6003EA4A2 /* SofaTests.swift */ = {isa = PBXFileReference; lastKnownFileType = sourcecode.swift; path = SofaTests.swift; sourceTree = "<group>"; };
		632FB98D1DC682F6003EA4A2 /* Info.plist */ = {isa = PBXFileReference; lastKnownFileType = text.plist.xml; path = Info.plist; sourceTree = "<group>"; };
		632FB9921DC682F6003EA4A2 /* SofaUITests.xctest */ = {isa = PBXFileReference; explicitFileType = wrapper.cfbundle; includeInIndex = 0; path = SofaUITests.xctest; sourceTree = BUILT_PRODUCTS_DIR; };
		632FB9961DC682F6003EA4A2 /* SofaUITests.swift */ = {isa = PBXFileReference; lastKnownFileType = sourcecode.swift; path = SofaUITests.swift; sourceTree = "<group>"; };
		632FB9981DC682F6003EA4A2 /* Info.plist */ = {isa = PBXFileReference; lastKnownFileType = text.plist.xml; path = Info.plist; sourceTree = "<group>"; };
		632FB9A51DC684AC003EA4A2 /* coeurgris50.png */ = {isa = PBXFileReference; lastKnownFileType = image.png; path = coeurgris50.png; sourceTree = "<group>"; };
		632FB9A61DC684AC003EA4A2 /* coeurnoir2.png */ = {isa = PBXFileReference; lastKnownFileType = image.png; path = coeurnoir2.png; sourceTree = "<group>"; };
		632FB9A71DC684AC003EA4A2 /* CreateASofa0.png */ = {isa = PBXFileReference; lastKnownFileType = image.png; path = CreateASofa0.png; sourceTree = "<group>"; };
		632FB9A81DC684AC003EA4A2 /* crossP.png */ = {isa = PBXFileReference; lastKnownFileType = image.png; path = crossP.png; sourceTree = "<group>"; };
		632FB9A91DC684AC003EA4A2 /* home0.png */ = {isa = PBXFileReference; lastKnownFileType = image.png; path = home0.png; sourceTree = "<group>"; };
		632FB9AA1DC684AC003EA4A2 /* identification.png */ = {isa = PBXFileReference; lastKnownFileType = image.png; path = identification.png; sourceTree = "<group>"; };
		632FB9AB1DC684AC003EA4A2 /* JoinASofa0.png */ = {isa = PBXFileReference; lastKnownFileType = image.png; path = JoinASofa0.png; sourceTree = "<group>"; };
		632FB9AC1DC684AC003EA4A2 /* KS_nav_ui.png */ = {isa = PBXFileReference; lastKnownFileType = image.png; path = KS_nav_ui.png; sourceTree = "<group>"; };
		632FB9AD1DC684AC003EA4A2 /* KS_nav_views.png */ = {isa = PBXFileReference; lastKnownFileType = image.png; path = KS_nav_views.png; sourceTree = "<group>"; };
		632FB9AE1DC684AC003EA4A2 /* like.png */ = {isa = PBXFileReference; lastKnownFileType = image.png; path = like.png; sourceTree = "<group>"; };
		632FB9B01DC684AC003EA4A2 /* ok.png */ = {isa = PBXFileReference; lastKnownFileType = image.png; path = ok.png; sourceTree = "<group>"; };
		632FB9B11DC684AC003EA4A2 /* ready.png */ = {isa = PBXFileReference; lastKnownFileType = image.png; path = ready.png; sourceTree = "<group>"; };
		632FB9B21DC684AC003EA4A2 /* SofaLogo.png */ = {isa = PBXFileReference; lastKnownFileType = image.png; path = SofaLogo.png; sourceTree = "<group>"; };
		632FB9B31DC684AC003EA4A2 /* WatchListLogo.png */ = {isa = PBXFileReference; lastKnownFileType = image.png; path = WatchListLogo.png; sourceTree = "<group>"; };
		632FB9B51DC684AC003EA4A2 /* netflix.png */ = {isa = PBXFileReference; lastKnownFileType = image.png; path = netflix.png; sourceTree = "<group>"; };
		632FB9B71DC684AC003EA4A2 /* coeur.png */ = {isa = PBXFileReference; lastKnownFileType = image.png; path = coeur.png; sourceTree = "<group>"; };
		632FB9B81DC684AC003EA4A2 /* triangle.png */ = {isa = PBXFileReference; lastKnownFileType = image.png; path = triangle.png; sourceTree = "<group>"; };
		632FB9B91DC684AC003EA4A2 /* refresh.png */ = {isa = PBXFileReference; lastKnownFileType = image.png; path = refresh.png; sourceTree = "<group>"; };
		632FB9BB1DC684AC003EA4A2 /* friend.png */ = {isa = PBXFileReference; lastKnownFileType = image.png; path = friend.png; sourceTree = "<group>"; };
		632FB9BC1DC684AC003EA4A2 /* friend0.png */ = {isa = PBXFileReference; lastKnownFileType = image.png; path = friend0.png; sourceTree = "<group>"; };
		632FB9BD1DC684AC003EA4A2 /* key.png */ = {isa = PBXFileReference; lastKnownFileType = image.png; path = key.png; sourceTree = "<group>"; };
		632FB9BE1DC684AC003EA4A2 /* unlike.png */ = {isa = PBXFileReference; lastKnownFileType = image.png; path = unlike.png; sourceTree = "<group>"; };
		634BE4C51DC74FAB0015D735 /* FBSDKCoreKit.framework */ = {isa = PBXFileReference; lastKnownFileType = wrapper.framework; name = FBSDKCoreKit.framework; path = "Build/Products/Debug-iphonesimulator/FBSDKCoreKit/FBSDKCoreKit.framework"; sourceTree = "<group>"; };
		634BE4C61DC74FAB0015D735 /* FBSDKLoginKit.framework */ = {isa = PBXFileReference; lastKnownFileType = wrapper.framework; name = FBSDKLoginKit.framework; path = "Build/Products/Debug-iphonesimulator/FBSDKLoginKit/FBSDKLoginKit.framework"; sourceTree = "<group>"; };
		634BE4C71DC74FAB0015D735 /* FBSDKMessengerShareKit.framework */ = {isa = PBXFileReference; lastKnownFileType = wrapper.framework; name = FBSDKMessengerShareKit.framework; path = "Build/Products/Debug-iphonesimulator/FBSDKMessengerShareKit/FBSDKMessengerShareKit.framework"; sourceTree = "<group>"; };
		634BE4C81DC74FAB0015D735 /* FBSDKShareKit.framework */ = {isa = PBXFileReference; lastKnownFileType = wrapper.framework; name = FBSDKShareKit.framework; path = "Build/Products/Debug-iphonesimulator/FBSDKShareKit/FBSDKShareKit.framework"; sourceTree = "<group>"; };
		79518271E3F483DC0967BDB9 /* Pods-SofaUITests.debug.xcconfig */ = {isa = PBXFileReference; includeInIndex = 1; lastKnownFileType = text.xcconfig; name = "Pods-SofaUITests.debug.xcconfig"; path = "Pods/Target Support Files/Pods-SofaUITests/Pods-SofaUITests.debug.xcconfig"; sourceTree = "<group>"; };
		923F7FA8B943FF2E21E36C87 /* Pods_SofaTests.framework */ = {isa = PBXFileReference; explicitFileType = wrapper.framework; includeInIndex = 0; path = Pods_SofaTests.framework; sourceTree = BUILT_PRODUCTS_DIR; };
		9FD20F92BFEF926063C2EF3A /* Pods-SofaTests.debug.xcconfig */ = {isa = PBXFileReference; includeInIndex = 1; lastKnownFileType = text.xcconfig; name = "Pods-SofaTests.debug.xcconfig"; path = "Pods/Target Support Files/Pods-SofaTests/Pods-SofaTests.debug.xcconfig"; sourceTree = "<group>"; };
		B7CCFA22092026BF93086FF6 /* Pods-SofaTests.release.xcconfig */ = {isa = PBXFileReference; includeInIndex = 1; lastKnownFileType = text.xcconfig; name = "Pods-SofaTests.release.xcconfig"; path = "Pods/Target Support Files/Pods-SofaTests/Pods-SofaTests.release.xcconfig"; sourceTree = "<group>"; };
		EA1566715B9E6C9E1E84EC29 /* Pods-Sofa.debug.xcconfig */ = {isa = PBXFileReference; includeInIndex = 1; lastKnownFileType = text.xcconfig; name = "Pods-Sofa.debug.xcconfig"; path = "Pods/Target Support Files/Pods-Sofa/Pods-Sofa.debug.xcconfig"; sourceTree = "<group>"; };
		F6C97098145AF00C1BB6B062 /* Pods_SofaUITests.framework */ = {isa = PBXFileReference; explicitFileType = wrapper.framework; includeInIndex = 0; path = Pods_SofaUITests.framework; sourceTree = BUILT_PRODUCTS_DIR; };
/* End PBXFileReference section */

/* Begin PBXFrameworksBuildPhase section */
		632FB9701DC682F6003EA4A2 /* Frameworks */ = {
			isa = PBXFrameworksBuildPhase;
			buildActionMask = 2147483647;
			files = (
				95AAB0DB7867BB621F865EF3 /* Pods_Sofa.framework in Frameworks */,
			);
			runOnlyForDeploymentPostprocessing = 0;
		};
		632FB9841DC682F6003EA4A2 /* Frameworks */ = {
			isa = PBXFrameworksBuildPhase;
			buildActionMask = 2147483647;
			files = (
				EE2A44670E6C919324D9F249 /* Pods_SofaTests.framework in Frameworks */,
			);
			runOnlyForDeploymentPostprocessing = 0;
		};
		632FB98F1DC682F6003EA4A2 /* Frameworks */ = {
			isa = PBXFrameworksBuildPhase;
			buildActionMask = 2147483647;
			files = (
				6D71B4F3513222839B22ECA8 /* Pods_SofaUITests.framework in Frameworks */,
			);
			runOnlyForDeploymentPostprocessing = 0;
		};
/* End PBXFrameworksBuildPhase section */

/* Begin PBXGroup section */
		5D2A71C10418A80C4BDA1CF8 /* Frameworks */ = {
			isa = PBXGroup;
			children = (
				634BE4C51DC74FAB0015D735 /* FBSDKCoreKit.framework */,
				634BE4C61DC74FAB0015D735 /* FBSDKLoginKit.framework */,
				634BE4C71DC74FAB0015D735 /* FBSDKMessengerShareKit.framework */,
				634BE4C81DC74FAB0015D735 /* FBSDKShareKit.framework */,
				5C18F9EBB587C21C3A6584B0 /* Pods_Sofa.framework */,
				923F7FA8B943FF2E21E36C87 /* Pods_SofaTests.framework */,
				F6C97098145AF00C1BB6B062 /* Pods_SofaUITests.framework */,
			);
			name = Frameworks;
			sourceTree = "<group>";
		};
		632FB96A1DC682F6003EA4A2 = {
			isa = PBXGroup;
			children = (
				632FB9751DC682F6003EA4A2 /* Sofa */,
				632FB98A1DC682F6003EA4A2 /* SofaTests */,
				632FB9951DC682F6003EA4A2 /* SofaUITests */,
				632FB9741DC682F6003EA4A2 /* Products */,
				8D0B6E295FA4547CB635B191 /* Pods */,
				5D2A71C10418A80C4BDA1CF8 /* Frameworks */,
			);
			sourceTree = "<group>";
		};
		632FB9741DC682F6003EA4A2 /* Products */ = {
			isa = PBXGroup;
			children = (
				632FB9731DC682F6003EA4A2 /* Sofa.app */,
				632FB9871DC682F6003EA4A2 /* SofaTests.xctest */,
				632FB9921DC682F6003EA4A2 /* SofaUITests.xctest */,
			);
			name = Products;
			sourceTree = "<group>";
		};
		632FB9751DC682F6003EA4A2 /* Sofa */ = {
			isa = PBXGroup;
			children = (
				632FB9761DC682F6003EA4A2 /* AppDelegate.swift */,
				632FB9781DC682F6003EA4A2 /* Home.swift */,
				632FB97A1DC682F6003EA4A2 /* Main.storyboard */,
				632FB97D1DC682F6003EA4A2 /* Assets.xcassets */,
				632FB97F1DC682F6003EA4A2 /* LaunchScreen.storyboard */,
				632FB9821DC682F6003EA4A2 /* Info.plist */,
				632FB9A41DC684AC003EA4A2 /* images */,
			);
			path = Sofa;
			sourceTree = "<group>";
		};
		632FB98A1DC682F6003EA4A2 /* SofaTests */ = {
			isa = PBXGroup;
			children = (
				632FB98B1DC682F6003EA4A2 /* SofaTests.swift */,
				632FB98D1DC682F6003EA4A2 /* Info.plist */,
			);
			path = SofaTests;
			sourceTree = "<group>";
		};
		632FB9951DC682F6003EA4A2 /* SofaUITests */ = {
			isa = PBXGroup;
			children = (
				632FB9961DC682F6003EA4A2 /* SofaUITests.swift */,
				632FB9981DC682F6003EA4A2 /* Info.plist */,
			);
			path = SofaUITests;
			sourceTree = "<group>";
		};
		632FB9A41DC684AC003EA4A2 /* images */ = {
			isa = PBXGroup;
			children = (
				632FB9A51DC684AC003EA4A2 /* coeurgris50.png */,
				632FB9A61DC684AC003EA4A2 /* coeurnoir2.png */,
				632FB9A71DC684AC003EA4A2 /* CreateASofa0.png */,
				632FB9A81DC684AC003EA4A2 /* crossP.png */,
				632FB9A91DC684AC003EA4A2 /* home0.png */,
				632FB9AA1DC684AC003EA4A2 /* identification.png */,
				632FB9AB1DC684AC003EA4A2 /* JoinASofa0.png */,
				632FB9AC1DC684AC003EA4A2 /* KS_nav_ui.png */,
				632FB9AD1DC684AC003EA4A2 /* KS_nav_views.png */,
				632FB9AE1DC684AC003EA4A2 /* like.png */,
				632FB9AF1DC684AC003EA4A2 /* logo */,
				632FB9B41DC684AC003EA4A2 /* Pending */,
				632FB9B61DC684AC003EA4A2 /* Profil */,
				632FB9B91DC684AC003EA4A2 /* refresh.png */,
				632FB9BA1DC684AC003EA4A2 /* Social */,
				632FB9BE1DC684AC003EA4A2 /* unlike.png */,
			);
			path = images;
			sourceTree = "<group>";
		};
		632FB9AF1DC684AC003EA4A2 /* logo */ = {
			isa = PBXGroup;
			children = (
				632FB9B01DC684AC003EA4A2 /* ok.png */,
				632FB9B11DC684AC003EA4A2 /* ready.png */,
				632FB9B21DC684AC003EA4A2 /* SofaLogo.png */,
				632FB9B31DC684AC003EA4A2 /* WatchListLogo.png */,
			);
			path = logo;
			sourceTree = "<group>";
		};
		632FB9B41DC684AC003EA4A2 /* Pending */ = {
			isa = PBXGroup;
			children = (
				632FB9B51DC684AC003EA4A2 /* netflix.png */,
			);
			path = Pending;
			sourceTree = "<group>";
		};
		632FB9B61DC684AC003EA4A2 /* Profil */ = {
			isa = PBXGroup;
			children = (
				632FB9B71DC684AC003EA4A2 /* coeur.png */,
				632FB9B81DC684AC003EA4A2 /* triangle.png */,
			);
			path = Profil;
			sourceTree = "<group>";
		};
		632FB9BA1DC684AC003EA4A2 /* Social */ = {
			isa = PBXGroup;
			children = (
				632FB9BB1DC684AC003EA4A2 /* friend.png */,
				632FB9BC1DC684AC003EA4A2 /* friend0.png */,
				632FB9BD1DC684AC003EA4A2 /* key.png */,
			);
			path = Social;
			sourceTree = "<group>";
		};
		8D0B6E295FA4547CB635B191 /* Pods */ = {
			isa = PBXGroup;
			children = (
				EA1566715B9E6C9E1E84EC29 /* Pods-Sofa.debug.xcconfig */,
				39ACF5B2C4BAF12CB40317D7 /* Pods-Sofa.release.xcconfig */,
				9FD20F92BFEF926063C2EF3A /* Pods-SofaTests.debug.xcconfig */,
				B7CCFA22092026BF93086FF6 /* Pods-SofaTests.release.xcconfig */,
				79518271E3F483DC0967BDB9 /* Pods-SofaUITests.debug.xcconfig */,
				392EE737FEB4CE43A9D2AE68 /* Pods-SofaUITests.release.xcconfig */,
			);
			name = Pods;
			sourceTree = "<group>";
		};
/* End PBXGroup section */

/* Begin PBXNativeTarget section */
		632FB9721DC682F6003EA4A2 /* Sofa */ = {
			isa = PBXNativeTarget;
			buildConfigurationList = 632FB99B1DC682F6003EA4A2 /* Build configuration list for PBXNativeTarget "Sofa" */;
			buildPhases = (
				D09A418A46EF832FE48EF760 /* 📦 Check Pods Manifest.lock */,
				632FB96F1DC682F6003EA4A2 /* Sources */,
				632FB9701DC682F6003EA4A2 /* Frameworks */,
				632FB9711DC682F6003EA4A2 /* Resources */,
				BC5233F52AB2E2C003E644F9 /* 📦 Embed Pods Frameworks */,
				73F8D8FAC4CCEDDE3225611A /* 📦 Copy Pods Resources */,
			);
			buildRules = (
			);
			dependencies = (
			);
			name = Sofa;
			productName = Sofa;
			productReference = 632FB9731DC682F6003EA4A2 /* Sofa.app */;
			productType = "com.apple.product-type.application";
		};
		632FB9861DC682F6003EA4A2 /* SofaTests */ = {
			isa = PBXNativeTarget;
			buildConfigurationList = 632FB99E1DC682F6003EA4A2 /* Build configuration list for PBXNativeTarget "SofaTests" */;
			buildPhases = (
				467EEF2C21CADF1A32D9B5C6 /* 📦 Check Pods Manifest.lock */,
				632FB9831DC682F6003EA4A2 /* Sources */,
				632FB9841DC682F6003EA4A2 /* Frameworks */,
				632FB9851DC682F6003EA4A2 /* Resources */,
				4481E6C32F3FD68C8175D418 /* 📦 Embed Pods Frameworks */,
				A6B92144708AF8E09695141B /* 📦 Copy Pods Resources */,
			);
			buildRules = (
			);
			dependencies = (
				632FB9891DC682F6003EA4A2 /* PBXTargetDependency */,
			);
			name = SofaTests;
			productName = SofaTests;
			productReference = 632FB9871DC682F6003EA4A2 /* SofaTests.xctest */;
			productType = "com.apple.product-type.bundle.unit-test";
		};
		632FB9911DC682F6003EA4A2 /* SofaUITests */ = {
			isa = PBXNativeTarget;
			buildConfigurationList = 632FB9A11DC682F6003EA4A2 /* Build configuration list for PBXNativeTarget "SofaUITests" */;
			buildPhases = (
				A2C4E8051985B29D02565BEF /* 📦 Check Pods Manifest.lock */,
				632FB98E1DC682F6003EA4A2 /* Sources */,
				632FB98F1DC682F6003EA4A2 /* Frameworks */,
				632FB9901DC682F6003EA4A2 /* Resources */,
				5F47D252D024079275781E10 /* 📦 Copy Pods Resources */,
			);
			buildRules = (
			);
			dependencies = (
				632FB9941DC682F6003EA4A2 /* PBXTargetDependency */,
			);
			name = SofaUITests;
			productName = SofaUITests;
			productReference = 632FB9921DC682F6003EA4A2 /* SofaUITests.xctest */;
			productType = "com.apple.product-type.bundle.ui-testing";
		};
/* End PBXNativeTarget section */

/* Begin PBXProject section */
		632FB96B1DC682F6003EA4A2 /* Project object */ = {
			isa = PBXProject;
			attributes = {
				LastSwiftUpdateCheck = 0800;
				LastUpgradeCheck = 0800;
				ORGANIZATIONNAME = Sofa;
				TargetAttributes = {
					632FB9721DC682F6003EA4A2 = {
						CreatedOnToolsVersion = 8.0;
						DevelopmentTeam = R7LT4U2985;
						ProvisioningStyle = Automatic;
					};
					632FB9861DC682F6003EA4A2 = {
						CreatedOnToolsVersion = 8.0;
						ProvisioningStyle = Automatic;
						TestTargetID = 632FB9721DC682F6003EA4A2;
					};
					632FB9911DC682F6003EA4A2 = {
						CreatedOnToolsVersion = 8.0;
						ProvisioningStyle = Automatic;
						TestTargetID = 632FB9721DC682F6003EA4A2;
					};
				};
			};
			buildConfigurationList = 632FB96E1DC682F6003EA4A2 /* Build configuration list for PBXProject "Sofa" */;
			compatibilityVersion = "Xcode 3.2";
			developmentRegion = English;
			hasScannedForEncodings = 0;
			knownRegions = (
				en,
				Base,
			);
			mainGroup = 632FB96A1DC682F6003EA4A2;
			productRefGroup = 632FB9741DC682F6003EA4A2 /* Products */;
			projectDirPath = "";
			projectRoot = "";
			targets = (
				632FB9721DC682F6003EA4A2 /* Sofa */,
				632FB9861DC682F6003EA4A2 /* SofaTests */,
				632FB9911DC682F6003EA4A2 /* SofaUITests */,
			);
		};
/* End PBXProject section */

/* Begin PBXResourcesBuildPhase section */
		632FB9711DC682F6003EA4A2 /* Resources */ = {
			isa = PBXResourcesBuildPhase;
			buildActionMask = 2147483647;
			files = (
				632FB9811DC682F6003EA4A2 /* LaunchScreen.storyboard in Resources */,
				632FB9CF1DC684AC003EA4A2 /* triangle.png in Resources */,
				632FB9CA1DC684AC003EA4A2 /* ready.png in Resources */,
				632FB9D31DC684AC003EA4A2 /* key.png in Resources */,
				632FB9C11DC684AC003EA4A2 /* CreateASofa0.png in Resources */,
				632FB97E1DC682F6003EA4A2 /* Assets.xcassets in Resources */,
				632FB9BF1DC684AC003EA4A2 /* coeurgris50.png in Resources */,
				632FB9CC1DC684AC003EA4A2 /* WatchListLogo.png in Resources */,
				632FB9C01DC684AC003EA4A2 /* coeurnoir2.png in Resources */,
				632FB9C51DC684AC003EA4A2 /* JoinASofa0.png in Resources */,
				632FB9C31DC684AC003EA4A2 /* home0.png in Resources */,
				632FB9D41DC684AC003EA4A2 /* unlike.png in Resources */,
				632FB9D01DC684AC003EA4A2 /* refresh.png in Resources */,
				632FB9C91DC684AC003EA4A2 /* ok.png in Resources */,
				632FB9CE1DC684AC003EA4A2 /* coeur.png in Resources */,
				632FB9CD1DC684AC003EA4A2 /* netflix.png in Resources */,
				632FB9CB1DC684AC003EA4A2 /* SofaLogo.png in Resources */,
				632FB9C21DC684AC003EA4A2 /* crossP.png in Resources */,
				632FB97C1DC682F6003EA4A2 /* Main.storyboard in Resources */,
				632FB9C41DC684AC003EA4A2 /* identification.png in Resources */,
				632FB9D21DC684AC003EA4A2 /* friend0.png in Resources */,
				632FB9C81DC684AC003EA4A2 /* like.png in Resources */,
				632FB9D11DC684AC003EA4A2 /* friend.png in Resources */,
				632FB9C71DC684AC003EA4A2 /* KS_nav_views.png in Resources */,
				632FB9C61DC684AC003EA4A2 /* KS_nav_ui.png in Resources */,
			);
			runOnlyForDeploymentPostprocessing = 0;
		};
		632FB9851DC682F6003EA4A2 /* Resources */ = {
			isa = PBXResourcesBuildPhase;
			buildActionMask = 2147483647;
			files = (
			);
			runOnlyForDeploymentPostprocessing = 0;
		};
		632FB9901DC682F6003EA4A2 /* Resources */ = {
			isa = PBXResourcesBuildPhase;
			buildActionMask = 2147483647;
			files = (
			);
			runOnlyForDeploymentPostprocessing = 0;
		};
/* End PBXResourcesBuildPhase section */

/* Begin PBXShellScriptBuildPhase section */
		4481E6C32F3FD68C8175D418 /* 📦 Embed Pods Frameworks */ = {
			isa = PBXShellScriptBuildPhase;
			buildActionMask = 2147483647;
			files = (
			);
			inputPaths = (
			);
			name = "📦 Embed Pods Frameworks";
			outputPaths = (
			);
			runOnlyForDeploymentPostprocessing = 0;
			shellPath = /bin/sh;
			shellScript = "\"${SRCROOT}/Pods/Target Support Files/Pods-SofaTests/Pods-SofaTests-frameworks.sh\"\n";
			showEnvVarsInLog = 0;
		};
		467EEF2C21CADF1A32D9B5C6 /* 📦 Check Pods Manifest.lock */ = {
			isa = PBXShellScriptBuildPhase;
			buildActionMask = 2147483647;
			files = (
			);
			inputPaths = (
			);
			name = "📦 Check Pods Manifest.lock";
			outputPaths = (
			);
			runOnlyForDeploymentPostprocessing = 0;
			shellPath = /bin/sh;
			shellScript = "diff \"${PODS_ROOT}/../Podfile.lock\" \"${PODS_ROOT}/Manifest.lock\" > /dev/null\nif [[ $? != 0 ]] ; then\n    cat << EOM\nerror: The sandbox is not in sync with the Podfile.lock. Run 'pod install' or update your CocoaPods installation.\nEOM\n    exit 1\nfi\n";
			showEnvVarsInLog = 0;
		};
		5F47D252D024079275781E10 /* 📦 Copy Pods Resources */ = {
			isa = PBXShellScriptBuildPhase;
			buildActionMask = 2147483647;
			files = (
			);
			inputPaths = (
			);
			name = "📦 Copy Pods Resources";
			outputPaths = (
			);
			runOnlyForDeploymentPostprocessing = 0;
			shellPath = /bin/sh;
			shellScript = "\"${SRCROOT}/Pods/Target Support Files/Pods-SofaUITests/Pods-SofaUITests-resources.sh\"\n";
			showEnvVarsInLog = 0;
		};
		73F8D8FAC4CCEDDE3225611A /* 📦 Copy Pods Resources */ = {
			isa = PBXShellScriptBuildPhase;
			buildActionMask = 2147483647;
			files = (
			);
			inputPaths = (
			);
			name = "📦 Copy Pods Resources";
			outputPaths = (
			);
			runOnlyForDeploymentPostprocessing = 0;
			shellPath = /bin/sh;
			shellScript = "\"${SRCROOT}/Pods/Target Support Files/Pods-Sofa/Pods-Sofa-resources.sh\"\n";
			showEnvVarsInLog = 0;
		};
		A2C4E8051985B29D02565BEF /* 📦 Check Pods Manifest.lock */ = {
			isa = PBXShellScriptBuildPhase;
			buildActionMask = 2147483647;
			files = (
			);
			inputPaths = (
			);
			name = "📦 Check Pods Manifest.lock";
			outputPaths = (
			);
			runOnlyForDeploymentPostprocessing = 0;
			shellPath = /bin/sh;
			shellScript = "diff \"${PODS_ROOT}/../Podfile.lock\" \"${PODS_ROOT}/Manifest.lock\" > /dev/null\nif [[ $? != 0 ]] ; then\n    cat << EOM\nerror: The sandbox is not in sync with the Podfile.lock. Run 'pod install' or update your CocoaPods installation.\nEOM\n    exit 1\nfi\n";
			showEnvVarsInLog = 0;
		};
		A6B92144708AF8E09695141B /* 📦 Copy Pods Resources */ = {
			isa = PBXShellScriptBuildPhase;
			buildActionMask = 2147483647;
			files = (
			);
			inputPaths = (
			);
			name = "📦 Copy Pods Resources";
			outputPaths = (
			);
			runOnlyForDeploymentPostprocessing = 0;
			shellPath = /bin/sh;
			shellScript = "\"${SRCROOT}/Pods/Target Support Files/Pods-SofaTests/Pods-SofaTests-resources.sh\"\n";
			showEnvVarsInLog = 0;
		};
		BC5233F52AB2E2C003E644F9 /* 📦 Embed Pods Frameworks */ = {
			isa = PBXShellScriptBuildPhase;
			buildActionMask = 2147483647;
			files = (
			);
			inputPaths = (
			);
			name = "📦 Embed Pods Frameworks";
			outputPaths = (
			);
			runOnlyForDeploymentPostprocessing = 0;
			shellPath = /bin/sh;
			shellScript = "\"${SRCROOT}/Pods/Target Support Files/Pods-Sofa/Pods-Sofa-frameworks.sh\"\n";
			showEnvVarsInLog = 0;
		};
		D09A418A46EF832FE48EF760 /* 📦 Check Pods Manifest.lock */ = {
			isa = PBXShellScriptBuildPhase;
			buildActionMask = 2147483647;
			files = (
			);
			inputPaths = (
			);
			name = "📦 Check Pods Manifest.lock";
			outputPaths = (
			);
			runOnlyForDeploymentPostprocessing = 0;
			shellPath = /bin/sh;
			shellScript = "diff \"${PODS_ROOT}/../Podfile.lock\" \"${PODS_ROOT}/Manifest.lock\" > /dev/null\nif [[ $? != 0 ]] ; then\n    cat << EOM\nerror: The sandbox is not in sync with the Podfile.lock. Run 'pod install' or update your CocoaPods installation.\nEOM\n    exit 1\nfi\n";
			showEnvVarsInLog = 0;
		};
/* End PBXShellScriptBuildPhase section */

/* Begin PBXSourcesBuildPhase section */
		632FB96F1DC682F6003EA4A2 /* Sources */ = {
			isa = PBXSourcesBuildPhase;
			buildActionMask = 2147483647;
			files = (
				632FB9791DC682F6003EA4A2 /* Home.swift in Sources */,
				632FB9771DC682F6003EA4A2 /* AppDelegate.swift in Sources */,
			);
			runOnlyForDeploymentPostprocessing = 0;
		};
		632FB9831DC682F6003EA4A2 /* Sources */ = {
			isa = PBXSourcesBuildPhase;
			buildActionMask = 2147483647;
			files = (
				632FB98C1DC682F6003EA4A2 /* SofaTests.swift in Sources */,
			);
			runOnlyForDeploymentPostprocessing = 0;
		};
		632FB98E1DC682F6003EA4A2 /* Sources */ = {
			isa = PBXSourcesBuildPhase;
			buildActionMask = 2147483647;
			files = (
				632FB9971DC682F6003EA4A2 /* SofaUITests.swift in Sources */,
			);
			runOnlyForDeploymentPostprocessing = 0;
		};
/* End PBXSourcesBuildPhase section */

/* Begin PBXTargetDependency section */
		632FB9891DC682F6003EA4A2 /* PBXTargetDependency */ = {
			isa = PBXTargetDependency;
			target = 632FB9721DC682F6003EA4A2 /* Sofa */;
			targetProxy = 632FB9881DC682F6003EA4A2 /* PBXContainerItemProxy */;
		};
		632FB9941DC682F6003EA4A2 /* PBXTargetDependency */ = {
			isa = PBXTargetDependency;
			target = 632FB9721DC682F6003EA4A2 /* Sofa */;
			targetProxy = 632FB9931DC682F6003EA4A2 /* PBXContainerItemProxy */;
		};
/* End PBXTargetDependency section */

/* Begin PBXVariantGroup section */
		632FB97A1DC682F6003EA4A2 /* Main.storyboard */ = {
			isa = PBXVariantGroup;
			children = (
				632FB97B1DC682F6003EA4A2 /* Base */,
			);
			name = Main.storyboard;
			sourceTree = "<group>";
		};
		632FB97F1DC682F6003EA4A2 /* LaunchScreen.storyboard */ = {
			isa = PBXVariantGroup;
			children = (
				632FB9801DC682F6003EA4A2 /* Base */,
			);
			name = LaunchScreen.storyboard;
			sourceTree = "<group>";
		};
/* End PBXVariantGroup section */

/* Begin XCBuildConfiguration section */
		632FB9991DC682F6003EA4A2 /* Debug */ = {
			isa = XCBuildConfiguration;
			buildSettings = {
				ALWAYS_SEARCH_USER_PATHS = NO;
				CLANG_ANALYZER_NONNULL = YES;
				CLANG_CXX_LANGUAGE_STANDARD = "gnu++0x";
				CLANG_CXX_LIBRARY = "libc++";
				CLANG_ENABLE_MODULES = YES;
				CLANG_ENABLE_OBJC_ARC = YES;
				CLANG_WARN_BOOL_CONVERSION = YES;
				CLANG_WARN_CONSTANT_CONVERSION = YES;
				CLANG_WARN_DIRECT_OBJC_ISA_USAGE = YES_ERROR;
				CLANG_WARN_DOCUMENTATION_COMMENTS = YES;
				CLANG_WARN_EMPTY_BODY = YES;
				CLANG_WARN_ENUM_CONVERSION = YES;
				CLANG_WARN_INFINITE_RECURSION = YES;
				CLANG_WARN_INT_CONVERSION = YES;
				CLANG_WARN_OBJC_ROOT_CLASS = YES_ERROR;
				CLANG_WARN_SUSPICIOUS_MOVES = YES;
				CLANG_WARN_UNREACHABLE_CODE = YES;
				CLANG_WARN__DUPLICATE_METHOD_MATCH = YES;
				"CODE_SIGN_IDENTITY[sdk=iphoneos*]" = "iPhone Developer";
				COPY_PHASE_STRIP = NO;
				DEBUG_INFORMATION_FORMAT = dwarf;
				ENABLE_STRICT_OBJC_MSGSEND = YES;
				ENABLE_TESTABILITY = YES;
				GCC_C_LANGUAGE_STANDARD = gnu99;
				GCC_DYNAMIC_NO_PIC = NO;
				GCC_NO_COMMON_BLOCKS = YES;
				GCC_OPTIMIZATION_LEVEL = 0;
				GCC_PREPROCESSOR_DEFINITIONS = (
					"DEBUG=1",
					"$(inherited)",
				);
				GCC_WARN_64_TO_32_BIT_CONVERSION = YES;
				GCC_WARN_ABOUT_RETURN_TYPE = YES_ERROR;
				GCC_WARN_UNDECLARED_SELECTOR = YES;
				GCC_WARN_UNINITIALIZED_AUTOS = YES_AGGRESSIVE;
				GCC_WARN_UNUSED_FUNCTION = YES;
				GCC_WARN_UNUSED_VARIABLE = YES;
				IPHONEOS_DEPLOYMENT_TARGET = 10.0;
				MTL_ENABLE_DEBUG_INFO = YES;
				ONLY_ACTIVE_ARCH = YES;
				SDKROOT = iphoneos;
				SWIFT_ACTIVE_COMPILATION_CONDITIONS = DEBUG;
				SWIFT_OPTIMIZATION_LEVEL = "-Onone";
				TARGETED_DEVICE_FAMILY = "1,2";
			};
			name = Debug;
		};
		632FB99A1DC682F6003EA4A2 /* Release */ = {
			isa = XCBuildConfiguration;
			buildSettings = {
				ALWAYS_SEARCH_USER_PATHS = NO;
				CLANG_ANALYZER_NONNULL = YES;
				CLANG_CXX_LANGUAGE_STANDARD = "gnu++0x";
				CLANG_CXX_LIBRARY = "libc++";
				CLANG_ENABLE_MODULES = YES;
				CLANG_ENABLE_OBJC_ARC = YES;
				CLANG_WARN_BOOL_CONVERSION = YES;
				CLANG_WARN_CONSTANT_CONVERSION = YES;
				CLANG_WARN_DIRECT_OBJC_ISA_USAGE = YES_ERROR;
				CLANG_WARN_DOCUMENTATION_COMMENTS = YES;
				CLANG_WARN_EMPTY_BODY = YES;
				CLANG_WARN_ENUM_CONVERSION = YES;
				CLANG_WARN_INFINITE_RECURSION = YES;
				CLANG_WARN_INT_CONVERSION = YES;
				CLANG_WARN_OBJC_ROOT_CLASS = YES_ERROR;
				CLANG_WARN_SUSPICIOUS_MOVES = YES;
				CLANG_WARN_UNREACHABLE_CODE = YES;
				CLANG_WARN__DUPLICATE_METHOD_MATCH = YES;
				"CODE_SIGN_IDENTITY[sdk=iphoneos*]" = "iPhone Developer";
				COPY_PHASE_STRIP = NO;
				DEBUG_INFORMATION_FORMAT = "dwarf-with-dsym";
				ENABLE_NS_ASSERTIONS = NO;
				ENABLE_STRICT_OBJC_MSGSEND = YES;
				GCC_C_LANGUAGE_STANDARD = gnu99;
				GCC_NO_COMMON_BLOCKS = YES;
				GCC_WARN_64_TO_32_BIT_CONVERSION = YES;
				GCC_WARN_ABOUT_RETURN_TYPE = YES_ERROR;
				GCC_WARN_UNDECLARED_SELECTOR = YES;
				GCC_WARN_UNINITIALIZED_AUTOS = YES_AGGRESSIVE;
				GCC_WARN_UNUSED_FUNCTION = YES;
				GCC_WARN_UNUSED_VARIABLE = YES;
				IPHONEOS_DEPLOYMENT_TARGET = 10.0;
				MTL_ENABLE_DEBUG_INFO = NO;
				SDKROOT = iphoneos;
				SWIFT_OPTIMIZATION_LEVEL = "-Owholemodule";
				TARGETED_DEVICE_FAMILY = "1,2";
				VALIDATE_PRODUCT = YES;
			};
			name = Release;
		};
		632FB99C1DC682F6003EA4A2 /* Debug */ = {
			isa = XCBuildConfiguration;
			baseConfigurationReference = EA1566715B9E6C9E1E84EC29 /* Pods-Sofa.debug.xcconfig */;
			buildSettings = {
				ASSETCATALOG_COMPILER_APPICON_NAME = AppIcon;
				DEVELOPMENT_TEAM = R7LT4U2985;
				FRAMEWORK_SEARCH_PATHS = (
					"$(inherited)",
					"$(PROJECT_DIR)/Build/Products/Debug-iphonesimulator/FBSDKCoreKit",
					"$(PROJECT_DIR)/Build/Products/Debug-iphonesimulator/FBSDKLoginKit",
					"$(PROJECT_DIR)/Build/Products/Debug-iphonesimulator/FBSDKMessengerShareKit",
					"$(PROJECT_DIR)/Build/Products/Debug-iphonesimulator/FBSDKShareKit",
				);
				INFOPLIST_FILE = Sofa/Info.plist;
				LD_RUNPATH_SEARCH_PATHS = "$(inherited) @executable_path/Frameworks";
				PRODUCT_BUNDLE_IDENTIFIER = Sofa.Sofa;
				PRODUCT_NAME = "$(TARGET_NAME)";
				SWIFT_VERSION = 3.0;
			};
			name = Debug;
		};
		632FB99D1DC682F6003EA4A2 /* Release */ = {
			isa = XCBuildConfiguration;
			baseConfigurationReference = 39ACF5B2C4BAF12CB40317D7 /* Pods-Sofa.release.xcconfig */;
			buildSettings = {
				ASSETCATALOG_COMPILER_APPICON_NAME = AppIcon;
				DEVELOPMENT_TEAM = R7LT4U2985;
				FRAMEWORK_SEARCH_PATHS = (
					"$(inherited)",
					"$(PROJECT_DIR)/Build/Products/Debug-iphonesimulator/FBSDKCoreKit",
					"$(PROJECT_DIR)/Build/Products/Debug-iphonesimulator/FBSDKLoginKit",
					"$(PROJECT_DIR)/Build/Products/Debug-iphonesimulator/FBSDKMessengerShareKit",
					"$(PROJECT_DIR)/Build/Products/Debug-iphonesimulator/FBSDKShareKit",
				);
				INFOPLIST_FILE = Sofa/Info.plist;
				LD_RUNPATH_SEARCH_PATHS = "$(inherited) @executable_path/Frameworks";
				PRODUCT_BUNDLE_IDENTIFIER = Sofa.Sofa;
				PRODUCT_NAME = "$(TARGET_NAME)";
				SWIFT_VERSION = 3.0;
			};
			name = Release;
		};
		632FB99F1DC682F6003EA4A2 /* Debug */ = {
			isa = XCBuildConfiguration;
			baseConfigurationReference = 9FD20F92BFEF926063C2EF3A /* Pods-SofaTests.debug.xcconfig */;
			buildSettings = {
				ALWAYS_EMBED_SWIFT_STANDARD_LIBRARIES = YES;
				BUNDLE_LOADER = "$(TEST_HOST)";
				INFOPLIST_FILE = SofaTests/Info.plist;
				LD_RUNPATH_SEARCH_PATHS = "$(inherited) @executable_path/Frameworks @loader_path/Frameworks";
				PRODUCT_BUNDLE_IDENTIFIER = Sofa.SofaTests;
				PRODUCT_NAME = "$(TARGET_NAME)";
				SWIFT_VERSION = 3.0;
				TEST_HOST = "$(BUILT_PRODUCTS_DIR)/Sofa.app/Sofa";
			};
			name = Debug;
		};
		632FB9A01DC682F6003EA4A2 /* Release */ = {
			isa = XCBuildConfiguration;
			baseConfigurationReference = B7CCFA22092026BF93086FF6 /* Pods-SofaTests.release.xcconfig */;
			buildSettings = {
				ALWAYS_EMBED_SWIFT_STANDARD_LIBRARIES = YES;
				BUNDLE_LOADER = "$(TEST_HOST)";
				INFOPLIST_FILE = SofaTests/Info.plist;
				LD_RUNPATH_SEARCH_PATHS = "$(inherited) @executable_path/Frameworks @loader_path/Frameworks";
				PRODUCT_BUNDLE_IDENTIFIER = Sofa.SofaTests;
				PRODUCT_NAME = "$(TARGET_NAME)";
				SWIFT_VERSION = 3.0;
				TEST_HOST = "$(BUILT_PRODUCTS_DIR)/Sofa.app/Sofa";
			};
			name = Release;
		};
		632FB9A21DC682F6003EA4A2 /* Debug */ = {
			isa = XCBuildConfiguration;
			baseConfigurationReference = 79518271E3F483DC0967BDB9 /* Pods-SofaUITests.debug.xcconfig */;
			buildSettings = {
				ALWAYS_EMBED_SWIFT_STANDARD_LIBRARIES = YES;
				INFOPLIST_FILE = SofaUITests/Info.plist;
				LD_RUNPATH_SEARCH_PATHS = "$(inherited) @executable_path/Frameworks @loader_path/Frameworks";
				PRODUCT_BUNDLE_IDENTIFIER = Sofa.SofaUITests;
				PRODUCT_NAME = "$(TARGET_NAME)";
				SWIFT_VERSION = 3.0;
				TEST_TARGET_NAME = Sofa;
			};
			name = Debug;
		};
		632FB9A31DC682F6003EA4A2 /* Release */ = {
			isa = XCBuildConfiguration;
			baseConfigurationReference = 392EE737FEB4CE43A9D2AE68 /* Pods-SofaUITests.release.xcconfig */;
			buildSettings = {
				ALWAYS_EMBED_SWIFT_STANDARD_LIBRARIES = YES;
				INFOPLIST_FILE = SofaUITests/Info.plist;
				LD_RUNPATH_SEARCH_PATHS = "$(inherited) @executable_path/Frameworks @loader_path/Frameworks";
				PRODUCT_BUNDLE_IDENTIFIER = Sofa.SofaUITests;
				PRODUCT_NAME = "$(TARGET_NAME)";
				SWIFT_VERSION = 3.0;
				TEST_TARGET_NAME = Sofa;
			};
			name = Release;
		};
/* End XCBuildConfiguration section */

/* Begin XCConfigurationList section */
		632FB96E1DC682F6003EA4A2 /* Build configuration list for PBXProject "Sofa" */ = {
			isa = XCConfigurationList;
			buildConfigurations = (
				632FB9991DC682F6003EA4A2 /* Debug */,
				632FB99A1DC682F6003EA4A2 /* Release */,
			);
			defaultConfigurationIsVisible = 0;
			defaultConfigurationName = Release;
		};
		632FB99B1DC682F6003EA4A2 /* Build configuration list for PBXNativeTarget "Sofa" */ = {
			isa = XCConfigurationList;
			buildConfigurations = (
				632FB99C1DC682F6003EA4A2 /* Debug */,
				632FB99D1DC682F6003EA4A2 /* Release */,
			);
			defaultConfigurationIsVisible = 0;
			defaultConfigurationName = Release;
		};
		632FB99E1DC682F6003EA4A2 /* Build configuration list for PBXNativeTarget "SofaTests" */ = {
			isa = XCConfigurationList;
			buildConfigurations = (
				632FB99F1DC682F6003EA4A2 /* Debug */,
				632FB9A01DC682F6003EA4A2 /* Release */,
			);
			defaultConfigurationIsVisible = 0;
			defaultConfigurationName = Release;
		};
		632FB9A11DC682F6003EA4A2 /* Build configuration list for PBXNativeTarget "SofaUITests" */ = {
			isa = XCConfigurationList;
			buildConfigurations = (
				632FB9A21DC682F6003EA4A2 /* Debug */,
				632FB9A31DC682F6003EA4A2 /* Release */,
			);
			defaultConfigurationIsVisible = 0;
			defaultConfigurationName = Release;
		};
/* End XCConfigurationList section */
	};
	rootObject = 632FB96B1DC682F6003EA4A2 /* Project object */;
}
